
Microsoft Visual Studio Solution File, Format Version 12.00
# Visual Studio Version 16
VisualStudioVersion = 16.0.29102.190
MinimumVisualStudioVersion = 10.0.40219.1
Project("{FAE04EC0-301F-11D3-BF4B-00C04F79EFBC}") = "winhctl", "winhctl\winhctl.csproj", "{3EEBAE20-B415-47AE-B472-A676E28B0172}"
EndProject
Global
	GlobalSection(SolutionConfigurationPlatforms) = preSolution
		Debug|Any CPU = Debug|Any CPU
		Release|Any CPU = Release|Any CPU
	EndGlobalSection
	GlobalSection(ProjectConfigurationPlatforms) = postSolution
		{3EEBAE20-B415-47AE-B472-A676E28B0172}.Debug|Any CPU.ActiveCfg = Debug|Any CPU
		{3EEBAE20-B415-47AE-B472-A676E28B0172}.Debug|Any CPU.Build.0 = Debug|Any CPU
		{3EEBAE20-B415-47AE-B472-A676E28B0172}.Release|Any CPU.ActiveCfg = Release|Any CPU
		{3EEBAE20-B415-47AE-B472-A676E28B0172}.Release|Any CPU.Build.0 = Release|Any CPU
	EndGlobalSection
	GlobalSection(SolutionProperties) = preSolution
		HideSolutionNode = FALSE
	EndGlobalSection
	GlobalSection(ExtensibilityGlobals) = postSolution
		SolutionGuid = {222253B2-032A-4CFA-B7C6-2713A5FC9532}
	EndGlobalSection
EndGlobal
